
Microsoft Visual Studio Solution File, Format Version 12.00
# Visual Studio Version 17
VisualStudioVersion = 17.0.32014.148
MinimumVisualStudioVersion = 10.0.40219.1
Project("{FAE04EC0-301F-11D3-BF4B-00C04F79EFBC}") = "RestAPI", "RestAPI\RestAPI.csproj", "{291D16B9-8DCA-476D-A847-EA574D445474}"
EndProject
Project("{FAE04EC0-301F-11D3-BF4B-00C04F79EFBC}") = "IonClassLibrary", "IonClassLibrary\IonClassLibrary.csproj", "{6EDD9D20-9200-42E9-A86F-1E36D0FF5062}"
EndProject
Global
	GlobalSection(SolutionConfigurationPlatforms) = preSolution
		Debug|Any CPU = Debug|Any CPU
		Release|Any CPU = Release|Any CPU
	EndGlobalSection
	GlobalSection(ProjectConfigurationPlatforms) = postSolution
		{291D16B9-8DCA-476D-A847-EA574D445474}.Debug|Any CPU.ActiveCfg = Debug|Any CPU
		{291D16B9-8DCA-476D-A847-EA574D445474}.Debug|Any CPU.Build.0 = Debug|Any CPU
		{291D16B9-8DCA-476D-A847-EA574D445474}.Release|Any CPU.ActiveCfg = Release|Any CPU
		{291D16B9-8DCA-476D-A847-EA574D445474}.Release|Any CPU.Build.0 = Release|Any CPU
		{6EDD9D20-9200-42E9-A86F-1E36D0FF5062}.Debug|Any CPU.ActiveCfg = Debug|Any CPU
		{6EDD9D20-9200-42E9-A86F-1E36D0FF5062}.Debug|Any CPU.Build.0 = Debug|Any CPU
		{6EDD9D20-9200-42E9-A86F-1E36D0FF5062}.Release|Any CPU.ActiveCfg = Release|Any CPU
		{6EDD9D20-9200-42E9-A86F-1E36D0FF5062}.Release|Any CPU.Build.0 = Release|Any CPU
	EndGlobalSection
	GlobalSection(SolutionProperties) = preSolution
		HideSolutionNode = FALSE
	EndGlobalSection
	GlobalSection(ExtensibilityGlobals) = postSolution
		SolutionGuid = {814E2BBE-E340-404B-982B-79D8CE3A997E}
	EndGlobalSection
EndGlobal
